// !$*UTF8*$!
{
	archiveVersion = 1;
	classes = {
	};
	objectVersion = 46;
	objects = {

/* Begin PBXBuildFile section */
		8708F6BE1B3F5C7400AE5B13 /* MKAnnotationView+WebCache.m in Sources */ = {isa = PBXBuildFile; fileRef = 8708F69E1B3F5C7400AE5B13 /* MKAnnotationView+WebCache.m */; };
		8708F6BF1B3F5C7400AE5B13 /* NSData+ImageContentType.m in Sources */ = {isa = PBXBuildFile; fileRef = 8708F6A01B3F5C7400AE5B13 /* NSData+ImageContentType.m */; };
		8708F6C01B3F5C7400AE5B13 /* SDImageCache.m in Sources */ = {isa = PBXBuildFile; fileRef = 8708F6A21B3F5C7400AE5B13 /* SDImageCache.m */; };
		8708F6C11B3F5C7400AE5B13 /* SDWebImageCompat.m in Sources */ = {isa = PBXBuildFile; fileRef = 8708F6A41B3F5C7400AE5B13 /* SDWebImageCompat.m */; };
		8708F6C21B3F5C7400AE5B13 /* SDWebImageDecoder.m in Sources */ = {isa = PBXBuildFile; fileRef = 8708F6A61B3F5C7400AE5B13 /* SDWebImageDecoder.m */; };
		8708F6C31B3F5C7400AE5B13 /* SDWebImageDownloader.m in Sources */ = {isa = PBXBuildFile; fileRef = 8708F6A81B3F5C7400AE5B13 /* SDWebImageDownloader.m */; };
		8708F6C41B3F5C7400AE5B13 /* SDWebImageDownloaderOperation.m in Sources */ = {isa = PBXBuildFile; fileRef = 8708F6AA1B3F5C7400AE5B13 /* SDWebImageDownloaderOperation.m */; };
		8708F6C51B3F5C7400AE5B13 /* SDWebImageManager.m in Sources */ = {isa = PBXBuildFile; fileRef = 8708F6AC1B3F5C7400AE5B13 /* SDWebImageManager.m */; };
		8708F6C61B3F5C7400AE5B13 /* SDWebImagePrefetcher.m in Sources */ = {isa = PBXBuildFile; fileRef = 8708F6AF1B3F5C7400AE5B13 /* SDWebImagePrefetcher.m */; };
		8708F6C71B3F5C7400AE5B13 /* UIButton+WebCache.m in Sources */ = {isa = PBXBuildFile; fileRef = 8708F6B11B3F5C7400AE5B13 /* UIButton+WebCache.m */; };
		8708F6C81B3F5C7400AE5B13 /* UIImage+GIF.m in Sources */ = {isa = PBXBuildFile; fileRef = 8708F6B31B3F5C7400AE5B13 /* UIImage+GIF.m */; };
		8708F6C91B3F5C7400AE5B13 /* UIImage+MultiFormat.m in Sources */ = {isa = PBXBuildFile; fileRef = 8708F6B51B3F5C7400AE5B13 /* UIImage+MultiFormat.m */; };
		8708F6CA1B3F5C7400AE5B13 /* UIImage+WebP.m in Sources */ = {isa = PBXBuildFile; fileRef = 8708F6B71B3F5C7400AE5B13 /* UIImage+WebP.m */; };
		8708F6CB1B3F5C7400AE5B13 /* UIImageView+HighlightedWebCache.m in Sources */ = {isa = PBXBuildFile; fileRef = 8708F6B91B3F5C7400AE5B13 /* UIImageView+HighlightedWebCache.m */; };
		8708F6CC1B3F5C7400AE5B13 /* UIImageView+WebCache.m in Sources */ = {isa = PBXBuildFile; fileRef = 8708F6BB1B3F5C7400AE5B13 /* UIImageView+WebCache.m */; };
		8708F6CD1B3F5C7400AE5B13 /* UIView+WebCacheOperation.m in Sources */ = {isa = PBXBuildFile; fileRef = 8708F6BD1B3F5C7400AE5B13 /* UIView+WebCacheOperation.m */; };
		8708F6D01B3F5D3F00AE5B13 /* profile.png in Resources */ = {isa = PBXBuildFile; fileRef = 8708F6CF1B3F5D3F00AE5B13 /* profile.png */; };
		8708F6E51B3FDEB600AE5B13 /* AFHTTPRequestOperation.m in Sources */ = {isa = PBXBuildFile; fileRef = 8708F6D31B3FDEB600AE5B13 /* AFHTTPRequestOperation.m */; };
		8708F6E61B3FDEB600AE5B13 /* AFHTTPRequestOperationManager.m in Sources */ = {isa = PBXBuildFile; fileRef = 8708F6D51B3FDEB600AE5B13 /* AFHTTPRequestOperationManager.m */; };
		8708F6E71B3FDEB600AE5B13 /* AFHTTPSessionManager.m in Sources */ = {isa = PBXBuildFile; fileRef = 8708F6D71B3FDEB600AE5B13 /* AFHTTPSessionManager.m */; };
		8708F6E81B3FDEB600AE5B13 /* AFNetworkReachabilityManager.m in Sources */ = {isa = PBXBuildFile; fileRef = 8708F6DA1B3FDEB600AE5B13 /* AFNetworkReachabilityManager.m */; };
		8708F6E91B3FDEB600AE5B13 /* AFSecurityPolicy.m in Sources */ = {isa = PBXBuildFile; fileRef = 8708F6DC1B3FDEB600AE5B13 /* AFSecurityPolicy.m */; };
		8708F6EA1B3FDEB600AE5B13 /* AFURLConnectionOperation.m in Sources */ = {isa = PBXBuildFile; fileRef = 8708F6DE1B3FDEB600AE5B13 /* AFURLConnectionOperation.m */; };
		8708F6EB1B3FDEB600AE5B13 /* AFURLRequestSerialization.m in Sources */ = {isa = PBXBuildFile; fileRef = 8708F6E01B3FDEB600AE5B13 /* AFURLRequestSerialization.m */; };
		8708F6EC1B3FDEB600AE5B13 /* AFURLResponseSerialization.m in Sources */ = {isa = PBXBuildFile; fileRef = 8708F6E21B3FDEB600AE5B13 /* AFURLResponseSerialization.m */; };
		8708F6ED1B3FDEB600AE5B13 /* AFURLSessionManager.m in Sources */ = {isa = PBXBuildFile; fileRef = 8708F6E41B3FDEB600AE5B13 /* AFURLSessionManager.m */; };
		87981E5F1B3F4A92001624D6 /* main.m in Sources */ = {isa = PBXBuildFile; fileRef = 87981E5E1B3F4A92001624D6 /* main.m */; };
		87981E621B3F4A92001624D6 /* AppDelegate.m in Sources */ = {isa = PBXBuildFile; fileRef = 87981E611B3F4A92001624D6 /* AppDelegate.m */; };
		87981E651B3F4A92001624D6 /* App_States.xcdatamodeld in Sources */ = {isa = PBXBuildFile; fileRef = 87981E631B3F4A92001624D6 /* App_States.xcdatamodeld */; };
		87981E681B3F4A92001624D6 /* ViewController.m in Sources */ = {isa = PBXBuildFile; fileRef = 87981E671B3F4A92001624D6 /* ViewController.m */; };
		87981E6B1B3F4A92001624D6 /* Main.storyboard in Resources */ = {isa = PBXBuildFile; fileRef = 87981E691B3F4A92001624D6 /* Main.storyboard */; };
		87981E6D1B3F4A92001624D6 /* Images.xcassets in Resources */ = {isa = PBXBuildFile; fileRef = 87981E6C1B3F4A92001624D6 /* Images.xcassets */; };
		87981E701B3F4A92001624D6 /* LaunchScreen.xib in Resources */ = {isa = PBXBuildFile; fileRef = 87981E6E1B3F4A92001624D6 /* LaunchScreen.xib */; };
		87981E7C1B3F4A93001624D6 /* App_StatesTests.m in Sources */ = {isa = PBXBuildFile; fileRef = 87981E7B1B3F4A93001624D6 /* App_StatesTests.m */; };
		87D85EB41B3F58030098DBF1 /* UserTableViewCell.m in Sources */ = {isa = PBXBuildFile; fileRef = 87D85EB31B3F58030098DBF1 /* UserTableViewCell.m */; };
		87D85EB91B3F5AC30098DBF1 /* SVHTTPClient.m in Sources */ = {isa = PBXBuildFile; fileRef = 87D85EB61B3F5AC30098DBF1 /* SVHTTPClient.m */; };
		87D85EBA1B3F5AC30098DBF1 /* SVHTTPRequest.m in Sources */ = {isa = PBXBuildFile; fileRef = 87D85EB81B3F5AC30098DBF1 /* SVHTTPRequest.m */; };
/* End PBXBuildFile section */

/* Begin PBXContainerItemProxy section */
		87981E761B3F4A93001624D6 /* PBXContainerItemProxy */ = {
			isa = PBXContainerItemProxy;
			containerPortal = 87981E511B3F4A92001624D6 /* Project object */;
			proxyType = 1;
			remoteGlobalIDString = 87981E581B3F4A92001624D6;
			remoteInfo = "App States";
		};
/* End PBXContainerItemProxy section */

/* Begin PBXFileReference section */
		8708F69D1B3F5C7400AE5B13 /* MKAnnotationView+WebCache.h */ = {isa = PBXFileReference; fileEncoding = 4; lastKnownFileType = sourcecode.c.h; path = "MKAnnotationView+WebCache.h"; sourceTree = "<group>"; };
		8708F69E1B3F5C7400AE5B13 /* MKAnnotationView+WebCache.m */ = {isa = PBXFileReference; fileEncoding = 4; lastKnownFileType = sourcecode.c.objc; path = "MKAnnotationView+WebCache.m"; sourceTree = "<group>"; };
		8708F69F1B3F5C7400AE5B13 /* NSData+ImageContentType.h */ = {isa = PBXFileReference; fileEncoding = 4; lastKnownFileType = sourcecode.c.h; path = "NSData+ImageContentType.h"; sourceTree = "<group>"; };
		8708F6A01B3F5C7400AE5B13 /* NSData+ImageContentType.m */ = {isa = PBXFileReference; fileEncoding = 4; lastKnownFileType = sourcecode.c.objc; path = "NSData+ImageContentType.m"; sourceTree = "<group>"; };
		8708F6A11B3F5C7400AE5B13 /* SDImageCache.h */ = {isa = PBXFileReference; fileEncoding = 4; lastKnownFileType = sourcecode.c.h; path = SDImageCache.h; sourceTree = "<group>"; };
		8708F6A21B3F5C7400AE5B13 /* SDImageCache.m */ = {isa = PBXFileReference; fileEncoding = 4; lastKnownFileType = sourcecode.c.objc; path = SDImageCache.m; sourceTree = "<group>"; };
		8708F6A31B3F5C7400AE5B13 /* SDWebImageCompat.h */ = {isa = PBXFileReference; fileEncoding = 4; lastKnownFileType = sourcecode.c.h; path = SDWebImageCompat.h; sourceTree = "<group>"; };
		8708F6A41B3F5C7400AE5B13 /* SDWebImageCompat.m */ = {isa = PBXFileReference; fileEncoding = 4; lastKnownFileType = sourcecode.c.objc; path = SDWebImageCompat.m; sourceTree = "<group>"; };
		8708F6A51B3F5C7400AE5B13 /* SDWebImageDecoder.h */ = {isa = PBXFileReference; fileEncoding = 4; lastKnownFileType = sourcecode.c.h; path = SDWebImageDecoder.h; sourceTree = "<group>"; };
		8708F6A61B3F5C7400AE5B13 /* SDWebImageDecoder.m */ = {isa = PBXFileReference; fileEncoding = 4; lastKnownFileType = sourcecode.c.objc; path = SDWebImageDecoder.m; sourceTree = "<group>"; };
		8708F6A71B3F5C7400AE5B13 /* SDWebImageDownloader.h */ = {isa = PBXFileReference; fileEncoding = 4; lastKnownFileType = sourcecode.c.h; path = SDWebImageDownloader.h; sourceTree = "<group>"; };
		8708F6A81B3F5C7400AE5B13 /* SDWebImageDownloader.m */ = {isa = PBXFileReference; fileEncoding = 4; lastKnownFileType = sourcecode.c.objc; path = SDWebImageDownloader.m; sourceTree = "<group>"; };
		8708F6A91B3F5C7400AE5B13 /* SDWebImageDownloaderOperation.h */ = {isa = PBXFileReference; fileEncoding = 4; lastKnownFileType = sourcecode.c.h; path = SDWebImageDownloaderOperation.h; sourceTree = "<group>"; };
		8708F6AA1B3F5C7400AE5B13 /* SDWebImageDownloaderOperation.m */ = {isa = PBXFileReference; fileEncoding = 4; lastKnownFileType = sourcecode.c.objc; path = SDWebImageDownloaderOperation.m; sourceTree = "<group>"; };
		8708F6AB1B3F5C7400AE5B13 /* SDWebImageManager.h */ = {isa = PBXFileReference; fileEncoding = 4; lastKnownFileType = sourcecode.c.h; path = SDWebImageManager.h; sourceTree = "<group>"; };
		8708F6AC1B3F5C7400AE5B13 /* SDWebImageManager.m */ = {isa = PBXFileReference; fileEncoding = 4; lastKnownFileType = sourcecode.c.objc; path = SDWebImageManager.m; sourceTree = "<group>"; };
		8708F6AD1B3F5C7400AE5B13 /* SDWebImageOperation.h */ = {isa = PBXFileReference; fileEncoding = 4; lastKnownFileType = sourcecode.c.h; path = SDWebImageOperation.h; sourceTree = "<group>"; };
		8708F6AE1B3F5C7400AE5B13 /* SDWebImagePrefetcher.h */ = {isa = PBXFileReference; fileEncoding = 4; lastKnownFileType = sourcecode.c.h; path = SDWebImagePrefetcher.h; sourceTree = "<group>"; };
		8708F6AF1B3F5C7400AE5B13 /* SDWebImagePrefetcher.m */ = {isa = PBXFileReference; fileEncoding = 4; lastKnownFileType = sourcecode.c.objc; path = SDWebImagePrefetcher.m; sourceTree = "<group>"; };
		8708F6B01B3F5C7400AE5B13 /* UIButton+WebCache.h */ = {isa = PBXFileReference; fileEncoding = 4; lastKnownFileType = sourcecode.c.h; path = "UIButton+WebCache.h"; sourceTree = "<group>"; };
		8708F6B11B3F5C7400AE5B13 /* UIButton+WebCache.m */ = {isa = PBXFileReference; fileEncoding = 4; lastKnownFileType = sourcecode.c.objc; path = "UIButton+WebCache.m"; sourceTree = "<group>"; };
		8708F6B21B3F5C7400AE5B13 /* UIImage+GIF.h */ = {isa = PBXFileReference; fileEncoding = 4; lastKnownFileType = sourcecode.c.h; path = "UIImage+GIF.h"; sourceTree = "<group>"; };
		8708F6B31B3F5C7400AE5B13 /* UIImage+GIF.m */ = {isa = PBXFileReference; fileEncoding = 4; lastKnownFileType = sourcecode.c.objc; path = "UIImage+GIF.m"; sourceTree = "<group>"; };
		8708F6B41B3F5C7400AE5B13 /* UIImage+MultiFormat.h */ = {isa = PBXFileReference; fileEncoding = 4; lastKnownFileType = sourcecode.c.h; path = "UIImage+MultiFormat.h"; sourceTree = "<group>"; };
		8708F6B51B3F5C7400AE5B13 /* UIImage+MultiFormat.m */ = {isa = PBXFileReference; fileEncoding = 4; lastKnownFileType = sourcecode.c.objc; path = "UIImage+MultiFormat.m"; sourceTree = "<group>"; };
		8708F6B61B3F5C7400AE5B13 /* UIImage+WebP.h */ = {isa = PBXFileReference; fileEncoding = 4; lastKnownFileType = sourcecode.c.h; path = "UIImage+WebP.h"; sourceTree = "<group>"; };
		8708F6B71B3F5C7400AE5B13 /* UIImage+WebP.m */ = {isa = PBXFileReference; fileEncoding = 4; lastKnownFileType = sourcecode.c.objc; path = "UIImage+WebP.m"; sourceTree = "<group>"; };
		8708F6B81B3F5C7400AE5B13 /* UIImageView+HighlightedWebCache.h */ = {isa = PBXFileReference; fileEncoding = 4; lastKnownFileType = sourcecode.c.h; path = "UIImageView+HighlightedWebCache.h"; sourceTree = "<group>"; };
		8708F6B91B3F5C7400AE5B13 /* UIImageView+HighlightedWebCache.m */ = {isa = PBXFileReference; fileEncoding = 4; lastKnownFileType = sourcecode.c.objc; path = "UIImageView+HighlightedWebCache.m"; sourceTree = "<group>"; };
		8708F6BA1B3F5C7400AE5B13 /* UIImageView+WebCache.h */ = {isa = PBXFileReference; fileEncoding = 4; lastKnownFileType = sourcecode.c.h; path = "UIImageView+WebCache.h"; sourceTree = "<group>"; };
		8708F6BB1B3F5C7400AE5B13 /* UIImageView+WebCache.m */ = {isa = PBXFileReference; fileEncoding = 4; lastKnownFileType = sourcecode.c.objc; path = "UIImageView+WebCache.m"; sourceTree = "<group>"; };
		8708F6BC1B3F5C7400AE5B13 /* UIView+WebCacheOperation.h */ = {isa = PBXFileReference; fileEncoding = 4; lastKnownFileType = sourcecode.c.h; path = "UIView+WebCacheOperation.h"; sourceTree = "<group>"; };
		8708F6BD1B3F5C7400AE5B13 /* UIView+WebCacheOperation.m */ = {isa = PBXFileReference; fileEncoding = 4; lastKnownFileType = sourcecode.c.objc; path = "UIView+WebCacheOperation.m"; sourceTree = "<group>"; };
		8708F6CF1B3F5D3F00AE5B13 /* profile.png */ = {isa = PBXFileReference; lastKnownFileType = image.png; path = profile.png; sourceTree = "<group>"; };
		8708F6D21B3FDEB600AE5B13 /* AFHTTPRequestOperation.h */ = {isa = PBXFileReference; fileEncoding = 4; lastKnownFileType = sourcecode.c.h; path = AFHTTPRequestOperation.h; sourceTree = "<group>"; };
		8708F6D31B3FDEB600AE5B13 /* AFHTTPRequestOperation.m */ = {isa = PBXFileReference; fileEncoding = 4; lastKnownFileType = sourcecode.c.objc; path = AFHTTPRequestOperation.m; sourceTree = "<group>"; };
		8708F6D41B3FDEB600AE5B13 /* AFHTTPRequestOperationManager.h */ = {isa = PBXFileReference; fileEncoding = 4; lastKnownFileType = sourcecode.c.h; path = AFHTTPRequestOperationManager.h; sourceTree = "<group>"; };
		8708F6D51B3FDEB600AE5B13 /* AFHTTPRequestOperationManager.m */ = {isa = PBXFileReference; fileEncoding = 4; lastKnownFileType = sourcecode.c.objc; path = AFHTTPRequestOperationManager.m; sourceTree = "<group>"; };
		8708F6D61B3FDEB600AE5B13 /* AFHTTPSessionManager.h */ = {isa = PBXFileReference; fileEncoding = 4; lastKnownFileType = sourcecode.c.h; path = AFHTTPSessionManager.h; sourceTree = "<group>"; };
		8708F6D71B3FDEB600AE5B13 /* AFHTTPSessionManager.m */ = {isa = PBXFileReference; fileEncoding = 4; lastKnownFileType = sourcecode.c.objc; path = AFHTTPSessionManager.m; sourceTree = "<group>"; };
		8708F6D81B3FDEB600AE5B13 /* AFNetworking.h */ = {isa = PBXFileReference; fileEncoding = 4; lastKnownFileType = sourcecode.c.h; path = AFNetworking.h; sourceTree = "<group>"; };
		8708F6D91B3FDEB600AE5B13 /* AFNetworkReachabilityManager.h */ = {isa = PBXFileReference; fileEncoding = 4; lastKnownFileType = sourcecode.c.h; path = AFNetworkReachabilityManager.h; sourceTree = "<group>"; };
		8708F6DA1B3FDEB600AE5B13 /* AFNetworkReachabilityManager.m */ = {isa = PBXFileReference; fileEncoding = 4; lastKnownFileType = sourcecode.c.objc; path = AFNetworkReachabilityManager.m; sourceTree = "<group>"; };
		8708F6DB1B3FDEB600AE5B13 /* AFSecurityPolicy.h */ = {isa = PBXFileReference; fileEncoding = 4; lastKnownFileType = sourcecode.c.h; path = AFSecurityPolicy.h; sourceTree = "<group>"; };
		8708F6DC1B3FDEB600AE5B13 /* AFSecurityPolicy.m */ = {isa = PBXFileReference; fileEncoding = 4; lastKnownFileType = sourcecode.c.objc; path = AFSecurityPolicy.m; sourceTree = "<group>"; };
		8708F6DD1B3FDEB600AE5B13 /* AFURLConnectionOperation.h */ = {isa = PBXFileReference; fileEncoding = 4; lastKnownFileType = sourcecode.c.h; path = AFURLConnectionOperation.h; sourceTree = "<group>"; };
		8708F6DE1B3FDEB600AE5B13 /* AFURLConnectionOperation.m */ = {isa = PBXFileReference; fileEncoding = 4; lastKnownFileType = sourcecode.c.objc; path = AFURLConnectionOperation.m; sourceTree = "<group>"; };
		8708F6DF1B3FDEB600AE5B13 /* AFURLRequestSerialization.h */ = {isa = PBXFileReference; fileEncoding = 4; lastKnownFileType = sourcecode.c.h; path = AFURLRequestSerialization.h; sourceTree = "<group>"; };
		8708F6E01B3FDEB600AE5B13 /* AFURLRequestSerialization.m */ = {isa = PBXFileReference; fileEncoding = 4; lastKnownFileType = sourcecode.c.objc; path = AFURLRequestSerialization.m; sourceTree = "<group>"; };
		8708F6E11B3FDEB600AE5B13 /* AFURLResponseSerialization.h */ = {isa = PBXFileReference; fileEncoding = 4; lastKnownFileType = sourcecode.c.h; path = AFURLResponseSerialization.h; sourceTree = "<group>"; };
		8708F6E21B3FDEB600AE5B13 /* AFURLResponseSerialization.m */ = {isa = PBXFileReference; fileEncoding = 4; lastKnownFileType = sourcecode.c.objc; path = AFURLResponseSerialization.m; sourceTree = "<group>"; };
		8708F6E31B3FDEB600AE5B13 /* AFURLSessionManager.h */ = {isa = PBXFileReference; fileEncoding = 4; lastKnownFileType = sourcecode.c.h; path = AFURLSessionManager.h; sourceTree = "<group>"; };
		8708F6E41B3FDEB600AE5B13 /* AFURLSessionManager.m */ = {isa = PBXFileReference; fileEncoding = 4; lastKnownFileType = sourcecode.c.objc; path = AFURLSessionManager.m; sourceTree = "<group>"; };
		87981E591B3F4A92001624D6 /* App States.app */ = {isa = PBXFileReference; explicitFileType = wrapper.application; includeInIndex = 0; path = "App States.app"; sourceTree = BUILT_PRODUCTS_DIR; };
		87981E5D1B3F4A92001624D6 /* Info.plist */ = {isa = PBXFileReference; lastKnownFileType = text.plist.xml; path = Info.plist; sourceTree = "<group>"; };
		87981E5E1B3F4A92001624D6 /* main.m */ = {isa = PBXFileReference; lastKnownFileType = sourcecode.c.objc; path = main.m; sourceTree = "<group>"; };
		87981E601B3F4A92001624D6 /* AppDelegate.h */ = {isa = PBXFileReference; lastKnownFileType = sourcecode.c.h; path = AppDelegate.h; sourceTree = "<group>"; };
		87981E611B3F4A92001624D6 /* AppDelegate.m */ = {isa = PBXFileReference; lastKnownFileType = sourcecode.c.objc; path = AppDelegate.m; sourceTree = "<group>"; };
		87981E641B3F4A92001624D6 /* App_States.xcdatamodel */ = {isa = PBXFileReference; lastKnownFileType = wrapper.xcdatamodel; path = App_States.xcdatamodel; sourceTree = "<group>"; };
		87981E661B3F4A92001624D6 /* ViewController.h */ = {isa = PBXFileReference; lastKnownFileType = sourcecode.c.h; path = ViewController.h; sourceTree = "<group>"; };
		87981E671B3F4A92001624D6 /* ViewController.m */ = {isa = PBXFileReference; lastKnownFileType = sourcecode.c.objc; path = ViewController.m; sourceTree = "<group>"; };
		87981E6A1B3F4A92001624D6 /* Base */ = {isa = PBXFileReference; lastKnownFileType = file.storyboard; name = Base; path = Base.lproj/Main.storyboard; sourceTree = "<group>"; };
		87981E6C1B3F4A92001624D6 /* Images.xcassets */ = {isa = PBXFileReference; lastKnownFileType = folder.assetcatalog; path = Images.xcassets; sourceTree = "<group>"; };
		87981E6F1B3F4A92001624D6 /* Base */ = {isa = PBXFileReference; lastKnownFileType = file.xib; name = Base; path = Base.lproj/LaunchScreen.xib; sourceTree = "<group>"; };
		87981E751B3F4A93001624D6 /* App StatesTests.xctest */ = {isa = PBXFileReference; explicitFileType = wrapper.cfbundle; includeInIndex = 0; path = "App StatesTests.xctest"; sourceTree = BUILT_PRODUCTS_DIR; };
		87981E7A1B3F4A93001624D6 /* Info.plist */ = {isa = PBXFileReference; lastKnownFileType = text.plist.xml; path = Info.plist; sourceTree = "<group>"; };
		87981E7B1B3F4A93001624D6 /* App_StatesTests.m */ = {isa = PBXFileReference; lastKnownFileType = sourcecode.c.objc; path = App_StatesTests.m; sourceTree = "<group>"; };
		87D85EB21B3F58030098DBF1 /* UserTableViewCell.h */ = {isa = PBXFileReference; fileEncoding = 4; lastKnownFileType = sourcecode.c.h; path = UserTableViewCell.h; sourceTree = "<group>"; };
		87D85EB31B3F58030098DBF1 /* UserTableViewCell.m */ = {isa = PBXFileReference; fileEncoding = 4; lastKnownFileType = sourcecode.c.objc; path = UserTableViewCell.m; sourceTree = "<group>"; };
		87D85EB51B3F5AC30098DBF1 /* SVHTTPClient.h */ = {isa = PBXFileReference; fileEncoding = 4; lastKnownFileType = sourcecode.c.h; path = SVHTTPClient.h; sourceTree = "<group>"; };
		87D85EB61B3F5AC30098DBF1 /* SVHTTPClient.m */ = {isa = PBXFileReference; fileEncoding = 4; lastKnownFileType = sourcecode.c.objc; path = SVHTTPClient.m; sourceTree = "<group>"; };
		87D85EB71B3F5AC30098DBF1 /* SVHTTPRequest.h */ = {isa = PBXFileReference; fileEncoding = 4; lastKnownFileType = sourcecode.c.h; path = SVHTTPRequest.h; sourceTree = "<group>"; };
		87D85EB81B3F5AC30098DBF1 /* SVHTTPRequest.m */ = {isa = PBXFileReference; fileEncoding = 4; lastKnownFileType = sourcecode.c.objc; path = SVHTTPRequest.m; sourceTree = "<group>"; };
/* End PBXFileReference section */

/* Begin PBXFrameworksBuildPhase section */
		87981E561B3F4A92001624D6 /* Frameworks */ = {
			isa = PBXFrameworksBuildPhase;
			buildActionMask = 2147483647;
			files = (
			);
			runOnlyForDeploymentPostprocessing = 0;
		};
		87981E721B3F4A93001624D6 /* Frameworks */ = {
			isa = PBXFrameworksBuildPhase;
			buildActionMask = 2147483647;
			files = (
			);
			runOnlyForDeploymentPostprocessing = 0;
		};
/* End PBXFrameworksBuildPhase section */

/* Begin PBXGroup section */
		8708F6CE1B3F5C7800AE5B13 /* SDWebImage */ = {
			isa = PBXGroup;
			children = (
				8708F69D1B3F5C7400AE5B13 /* MKAnnotationView+WebCache.h */,
				8708F69E1B3F5C7400AE5B13 /* MKAnnotationView+WebCache.m */,
				8708F69F1B3F5C7400AE5B13 /* NSData+ImageContentType.h */,
				8708F6A01B3F5C7400AE5B13 /* NSData+ImageContentType.m */,
				8708F6A11B3F5C7400AE5B13 /* SDImageCache.h */,
				8708F6A21B3F5C7400AE5B13 /* SDImageCache.m */,
				8708F6A31B3F5C7400AE5B13 /* SDWebImageCompat.h */,
				8708F6A41B3F5C7400AE5B13 /* SDWebImageCompat.m */,
				8708F6A51B3F5C7400AE5B13 /* SDWebImageDecoder.h */,
				8708F6A61B3F5C7400AE5B13 /* SDWebImageDecoder.m */,
				8708F6A71B3F5C7400AE5B13 /* SDWebImageDownloader.h */,
				8708F6A81B3F5C7400AE5B13 /* SDWebImageDownloader.m */,
				8708F6A91B3F5C7400AE5B13 /* SDWebImageDownloaderOperation.h */,
				8708F6AA1B3F5C7400AE5B13 /* SDWebImageDownloaderOperation.m */,
				8708F6AB1B3F5C7400AE5B13 /* SDWebImageManager.h */,
				8708F6AC1B3F5C7400AE5B13 /* SDWebImageManager.m */,
				8708F6AD1B3F5C7400AE5B13 /* SDWebImageOperation.h */,
				8708F6AE1B3F5C7400AE5B13 /* SDWebImagePrefetcher.h */,
				8708F6AF1B3F5C7400AE5B13 /* SDWebImagePrefetcher.m */,
				8708F6B01B3F5C7400AE5B13 /* UIButton+WebCache.h */,
				8708F6B11B3F5C7400AE5B13 /* UIButton+WebCache.m */,
				8708F6B21B3F5C7400AE5B13 /* UIImage+GIF.h */,
				8708F6B31B3F5C7400AE5B13 /* UIImage+GIF.m */,
				8708F6B41B3F5C7400AE5B13 /* UIImage+MultiFormat.h */,
				8708F6B51B3F5C7400AE5B13 /* UIImage+MultiFormat.m */,
				8708F6B61B3F5C7400AE5B13 /* UIImage+WebP.h */,
				8708F6B71B3F5C7400AE5B13 /* UIImage+WebP.m */,
				8708F6B81B3F5C7400AE5B13 /* UIImageView+HighlightedWebCache.h */,
				8708F6B91B3F5C7400AE5B13 /* UIImageView+HighlightedWebCache.m */,
				8708F6BA1B3F5C7400AE5B13 /* UIImageView+WebCache.h */,
				8708F6BB1B3F5C7400AE5B13 /* UIImageView+WebCache.m */,
				8708F6BC1B3F5C7400AE5B13 /* UIView+WebCacheOperation.h */,
				8708F6BD1B3F5C7400AE5B13 /* UIView+WebCacheOperation.m */,
			);
			name = SDWebImage;
			sourceTree = "<group>";
		};
		8708F6D11B3F5D4200AE5B13 /* Images */ = {
			isa = PBXGroup;
			children = (
				8708F6CF1B3F5D3F00AE5B13 /* profile.png */,
			);
			name = Images;
			sourceTree = "<group>";
		};
		8708F6EE1B3FDEBB00AE5B13 /* AFNetworking */ = {
			isa = PBXGroup;
			children = (
				8708F6D21B3FDEB600AE5B13 /* AFHTTPRequestOperation.h */,
				8708F6D31B3FDEB600AE5B13 /* AFHTTPRequestOperation.m */,
				8708F6D41B3FDEB600AE5B13 /* AFHTTPRequestOperationManager.h */,
				8708F6D51B3FDEB600AE5B13 /* AFHTTPRequestOperationManager.m */,
				8708F6D61B3FDEB600AE5B13 /* AFHTTPSessionManager.h */,
				8708F6D71B3FDEB600AE5B13 /* AFHTTPSessionManager.m */,
				8708F6D81B3FDEB600AE5B13 /* AFNetworking.h */,
				8708F6D91B3FDEB600AE5B13 /* AFNetworkReachabilityManager.h */,
				8708F6DA1B3FDEB600AE5B13 /* AFNetworkReachabilityManager.m */,
				8708F6DB1B3FDEB600AE5B13 /* AFSecurityPolicy.h */,
				8708F6DC1B3FDEB600AE5B13 /* AFSecurityPolicy.m */,
				8708F6DD1B3FDEB600AE5B13 /* AFURLConnectionOperation.h */,
				8708F6DE1B3FDEB600AE5B13 /* AFURLConnectionOperation.m */,
				8708F6DF1B3FDEB600AE5B13 /* AFURLRequestSerialization.h */,
				8708F6E01B3FDEB600AE5B13 /* AFURLRequestSerialization.m */,
				8708F6E11B3FDEB600AE5B13 /* AFURLResponseSerialization.h */,
				8708F6E21B3FDEB600AE5B13 /* AFURLResponseSerialization.m */,
				8708F6E31B3FDEB600AE5B13 /* AFURLSessionManager.h */,
				8708F6E41B3FDEB600AE5B13 /* AFURLSessionManager.m */,
			);
			name = AFNetworking;
			sourceTree = "<group>";
		};
		87981E501B3F4A92001624D6 = {
			isa = PBXGroup;
			children = (
				87981E5B1B3F4A92001624D6 /* App States */,
				87981E781B3F4A93001624D6 /* App StatesTests */,
				87981E5A1B3F4A92001624D6 /* Products */,
			);
			sourceTree = "<group>";
		};
		87981E5A1B3F4A92001624D6 /* Products */ = {
			isa = PBXGroup;
			children = (
				87981E591B3F4A92001624D6 /* App States.app */,
				87981E751B3F4A93001624D6 /* App StatesTests.xctest */,
			);
			name = Products;
			sourceTree = "<group>";
		};
		87981E5B1B3F4A92001624D6 /* App States */ = {
			isa = PBXGroup;
			children = (
				87D85EBB1B3F5ACD0098DBF1 /* Vendor */,
				87981E601B3F4A92001624D6 /* AppDelegate.h */,
				87981E611B3F4A92001624D6 /* AppDelegate.m */,
				87981E661B3F4A92001624D6 /* ViewController.h */,
				87981E671B3F4A92001624D6 /* ViewController.m */,
				87981E691B3F4A92001624D6 /* Main.storyboard */,
				87D85EB21B3F58030098DBF1 /* UserTableViewCell.h */,
				87D85EB31B3F58030098DBF1 /* UserTableViewCell.m */,
				87981E6C1B3F4A92001624D6 /* Images.xcassets */,
				87981E6E1B3F4A92001624D6 /* LaunchScreen.xib */,
				87981E631B3F4A92001624D6 /* App_States.xcdatamodeld */,
				87981E5C1B3F4A92001624D6 /* Supporting Files */,
			);
			path = "App States";
			sourceTree = "<group>";
		};
		87981E5C1B3F4A92001624D6 /* Supporting Files */ = {
			isa = PBXGroup;
			children = (
				8708F6D11B3F5D4200AE5B13 /* Images */,
				87981E5D1B3F4A92001624D6 /* Info.plist */,
				87981E5E1B3F4A92001624D6 /* main.m */,
			);
			name = "Supporting Files";
			sourceTree = "<group>";
		};
		87981E781B3F4A93001624D6 /* App StatesTests */ = {
			isa = PBXGroup;
			children = (
				87981E7B1B3F4A93001624D6 /* App_StatesTests.m */,
				87981E791B3F4A93001624D6 /* Supporting Files */,
			);
			path = "App StatesTests";
			sourceTree = "<group>";
		};
		87981E791B3F4A93001624D6 /* Supporting Files */ = {
			isa = PBXGroup;
			children = (
				87981E7A1B3F4A93001624D6 /* Info.plist */,
			);
			name = "Supporting Files";
			sourceTree = "<group>";
		};
		87D85EBB1B3F5ACD0098DBF1 /* Vendor */ = {
			isa = PBXGroup;
			children = (
				8708F6EE1B3FDEBB00AE5B13 /* AFNetworking */,
				8708F6CE1B3F5C7800AE5B13 /* SDWebImage */,
				87D85EBC1B3F5ADC0098DBF1 /* SVHTTPRequest */,
			);
			name = Vendor;
			sourceTree = "<group>";
		};
		87D85EBC1B3F5ADC0098DBF1 /* SVHTTPRequest */ = {
			isa = PBXGroup;
			children = (
				87D85EB51B3F5AC30098DBF1 /* SVHTTPClient.h */,
				87D85EB61B3F5AC30098DBF1 /* SVHTTPClient.m */,
				87D85EB71B3F5AC30098DBF1 /* SVHTTPRequest.h */,
				87D85EB81B3F5AC30098DBF1 /* SVHTTPRequest.m */,
			);
			name = SVHTTPRequest;
			sourceTree = "<group>";
		};
/* End PBXGroup section */

/* Begin PBXNativeTarget section */
		87981E581B3F4A92001624D6 /* App States */ = {
			isa = PBXNativeTarget;
			buildConfigurationList = 87981E7F1B3F4A93001624D6 /* Build configuration list for PBXNativeTarget "App States" */;
			buildPhases = (
				87981E551B3F4A92001624D6 /* Sources */,
				87981E561B3F4A92001624D6 /* Frameworks */,
				87981E571B3F4A92001624D6 /* Resources */,
			);
			buildRules = (
			);
			dependencies = (
			);
			name = "App States";
			productName = "App States";
			productReference = 87981E591B3F4A92001624D6 /* App States.app */;
			productType = "com.apple.product-type.application";
		};
		87981E741B3F4A93001624D6 /* App StatesTests */ = {
			isa = PBXNativeTarget;
			buildConfigurationList = 87981E821B3F4A93001624D6 /* Build configuration list for PBXNativeTarget "App StatesTests" */;
			buildPhases = (
				87981E711B3F4A93001624D6 /* Sources */,
				87981E721B3F4A93001624D6 /* Frameworks */,
				87981E731B3F4A93001624D6 /* Resources */,
			);
			buildRules = (
			);
			dependencies = (
				87981E771B3F4A93001624D6 /* PBXTargetDependency */,
			);
			name = "App StatesTests";
			productName = "App StatesTests";
			productReference = 87981E751B3F4A93001624D6 /* App StatesTests.xctest */;
			productType = "com.apple.product-type.bundle.unit-test";
		};
/* End PBXNativeTarget section */

/* Begin PBXProject section */
		87981E511B3F4A92001624D6 /* Project object */ = {
			isa = PBXProject;
			attributes = {
				LastUpgradeCheck = 0630;
				ORGANIZATIONNAME = "Zuhayeer Musa";
				TargetAttributes = {
					87981E581B3F4A92001624D6 = {
						CreatedOnToolsVersion = 6.3.1;
					};
					87981E741B3F4A93001624D6 = {
						CreatedOnToolsVersion = 6.3.1;
						TestTargetID = 87981E581B3F4A92001624D6;
					};
				};
			};
			buildConfigurationList = 87981E541B3F4A92001624D6 /* Build configuration list for PBXProject "App States" */;
			compatibilityVersion = "Xcode 3.2";
			developmentRegion = English;
			hasScannedForEncodings = 0;
			knownRegions = (
				en,
				Base,
			);
			mainGroup = 87981E501B3F4A92001624D6;
			productRefGroup = 87981E5A1B3F4A92001624D6 /* Products */;
			projectDirPath = "";
			projectRoot = "";
			targets = (
				87981E581B3F4A92001624D6 /* App States */,
				87981E741B3F4A93001624D6 /* App StatesTests */,
			);
		};
/* End PBXProject section */

/* Begin PBXResourcesBuildPhase section */
		87981E571B3F4A92001624D6 /* Resources */ = {
			isa = PBXResourcesBuildPhase;
			buildActionMask = 2147483647;
			files = (
				87981E6B1B3F4A92001624D6 /* Main.storyboard in Resources */,
				87981E701B3F4A92001624D6 /* LaunchScreen.xib in Resources */,
				87981E6D1B3F4A92001624D6 /* Images.xcassets in Resources */,
				8708F6D01B3F5D3F00AE5B13 /* profile.png in Resources */,
			);
			runOnlyForDeploymentPostprocessing = 0;
		};
		87981E731B3F4A93001624D6 /* Resources */ = {
			isa = PBXResourcesBuildPhase;
			buildActionMask = 2147483647;
			files = (
			);
			runOnlyForDeploymentPostprocessing = 0;
		};
/* End PBXResourcesBuildPhase section */

/* Begin PBXSourcesBuildPhase section */
		87981E551B3F4A92001624D6 /* Sources */ = {
			isa = PBXSourcesBuildPhase;
			buildActionMask = 2147483647;
			files = (
				8708F6E91B3FDEB600AE5B13 /* AFSecurityPolicy.m in Sources */,
				8708F6CC1B3F5C7400AE5B13 /* UIImageView+WebCache.m in Sources */,
				8708F6C81B3F5C7400AE5B13 /* UIImage+GIF.m in Sources */,
				8708F6C11B3F5C7400AE5B13 /* SDWebImageCompat.m in Sources */,
				8708F6C71B3F5C7400AE5B13 /* UIButton+WebCache.m in Sources */,
				8708F6EA1B3FDEB600AE5B13 /* AFURLConnectionOperation.m in Sources */,
				8708F6C91B3F5C7400AE5B13 /* UIImage+MultiFormat.m in Sources */,
				8708F6C61B3F5C7400AE5B13 /* SDWebImagePrefetcher.m in Sources */,
				87981E621B3F4A92001624D6 /* AppDelegate.m in Sources */,
				8708F6ED1B3FDEB600AE5B13 /* AFURLSessionManager.m in Sources */,
				8708F6CD1B3F5C7400AE5B13 /* UIView+WebCacheOperation.m in Sources */,
				8708F6BE1B3F5C7400AE5B13 /* MKAnnotationView+WebCache.m in Sources */,
				8708F6CA1B3F5C7400AE5B13 /* UIImage+WebP.m in Sources */,
				87D85EBA1B3F5AC30098DBF1 /* SVHTTPRequest.m in Sources */,
				8708F6C41B3F5C7400AE5B13 /* SDWebImageDownloaderOperation.m in Sources */,
				8708F6EC1B3FDEB600AE5B13 /* AFURLResponseSerialization.m in Sources */,
				8708F6E61B3FDEB600AE5B13 /* AFHTTPRequestOperationManager.m in Sources */,
				8708F6E51B3FDEB600AE5B13 /* AFHTTPRequestOperation.m in Sources */,
				8708F6C21B3F5C7400AE5B13 /* SDWebImageDecoder.m in Sources */,
				87981E651B3F4A92001624D6 /* App_States.xcdatamodeld in Sources */,
				8708F6CB1B3F5C7400AE5B13 /* UIImageView+HighlightedWebCache.m in Sources */,
				8708F6BF1B3F5C7400AE5B13 /* NSData+ImageContentType.m in Sources */,
				8708F6C31B3F5C7400AE5B13 /* SDWebImageDownloader.m in Sources */,
				8708F6E81B3FDEB600AE5B13 /* AFNetworkReachabilityManager.m in Sources */,
				87D85EB41B3F58030098DBF1 /* UserTableViewCell.m in Sources */,
				87D85EB91B3F5AC30098DBF1 /* SVHTTPClient.m in Sources */,
				87981E681B3F4A92001624D6 /* ViewController.m in Sources */,
				8708F6C51B3F5C7400AE5B13 /* SDWebImageManager.m in Sources */,
				87981E5F1B3F4A92001624D6 /* main.m in Sources */,
				8708F6EB1B3FDEB600AE5B13 /* AFURLRequestSerialization.m in Sources */,
				8708F6C01B3F5C7400AE5B13 /* SDImageCache.m in Sources */,
				8708F6E71B3FDEB600AE5B13 /* AFHTTPSessionManager.m in Sources */,
			);
			runOnlyForDeploymentPostprocessing = 0;
		};
		87981E711B3F4A93001624D6 /* Sources */ = {
			isa = PBXSourcesBuildPhase;
			buildActionMask = 2147483647;
			files = (
				87981E7C1B3F4A93001624D6 /* App_StatesTests.m in Sources */,
			);
			runOnlyForDeploymentPostprocessing = 0;
		};
/* End PBXSourcesBuildPhase section */

/* Begin PBXTargetDependency section */
		87981E771B3F4A93001624D6 /* PBXTargetDependency */ = {
			isa = PBXTargetDependency;
			target = 87981E581B3F4A92001624D6 /* App States */;
			targetProxy = 87981E761B3F4A93001624D6 /* PBXContainerItemProxy */;
		};
/* End PBXTargetDependency section */

/* Begin PBXVariantGroup section */
		87981E691B3F4A92001624D6 /* Main.storyboard */ = {
			isa = PBXVariantGroup;
			children = (
				87981E6A1B3F4A92001624D6 /* Base */,
			);
			name = Main.storyboard;
			sourceTree = "<group>";
		};
		87981E6E1B3F4A92001624D6 /* LaunchScreen.xib */ = {
			isa = PBXVariantGroup;
			children = (
				87981E6F1B3F4A92001624D6 /* Base */,
			);
			name = LaunchScreen.xib;
			sourceTree = "<group>";
		};
/* End PBXVariantGroup section */

/* Begin XCBuildConfiguration section */
		87981E7D1B3F4A93001624D6 /* Debug */ = {
			isa = XCBuildConfiguration;
			buildSettings = {
				ALWAYS_SEARCH_USER_PATHS = NO;
				CLANG_CXX_LANGUAGE_STANDARD = "gnu++0x";
				CLANG_CXX_LIBRARY = "libc++";
				CLANG_ENABLE_MODULES = YES;
				CLANG_ENABLE_OBJC_ARC = YES;
				CLANG_WARN_BOOL_CONVERSION = YES;
				CLANG_WARN_CONSTANT_CONVERSION = YES;
				CLANG_WARN_DIRECT_OBJC_ISA_USAGE = YES_ERROR;
				CLANG_WARN_EMPTY_BODY = YES;
				CLANG_WARN_ENUM_CONVERSION = YES;
				CLANG_WARN_INT_CONVERSION = YES;
				CLANG_WARN_OBJC_ROOT_CLASS = YES_ERROR;
				CLANG_WARN_UNREACHABLE_CODE = YES;
				CLANG_WARN__DUPLICATE_METHOD_MATCH = YES;
				"CODE_SIGN_IDENTITY[sdk=iphoneos*]" = "iPhone Developer";
				COPY_PHASE_STRIP = NO;
				DEBUG_INFORMATION_FORMAT = "dwarf-with-dsym";
				ENABLE_STRICT_OBJC_MSGSEND = YES;
				GCC_C_LANGUAGE_STANDARD = gnu99;
				GCC_DYNAMIC_NO_PIC = NO;
				GCC_NO_COMMON_BLOCKS = YES;
				GCC_OPTIMIZATION_LEVEL = 0;
				GCC_PREPROCESSOR_DEFINITIONS = (
					"DEBUG=1",
					"$(inherited)",
				);
				GCC_SYMBOLS_PRIVATE_EXTERN = NO;
				GCC_WARN_64_TO_32_BIT_CONVERSION = YES;
				GCC_WARN_ABOUT_RETURN_TYPE = YES_ERROR;
				GCC_WARN_UNDECLARED_SELECTOR = YES;
				GCC_WARN_UNINITIALIZED_AUTOS = YES_AGGRESSIVE;
				GCC_WARN_UNUSED_FUNCTION = YES;
				GCC_WARN_UNUSED_VARIABLE = YES;
				IPHONEOS_DEPLOYMENT_TARGET = 8.3;
				MTL_ENABLE_DEBUG_INFO = YES;
				ONLY_ACTIVE_ARCH = YES;
				SDKROOT = iphoneos;
			};
			name = Debug;
		};
		87981E7E1B3F4A93001624D6 /* Release */ = {
			isa = XCBuildConfiguration;
			buildSettings = {
				ALWAYS_SEARCH_USER_PATHS = NO;
				CLANG_CXX_LANGUAGE_STANDARD = "gnu++0x";
				CLANG_CXX_LIBRARY = "libc++";
				CLANG_ENABLE_MODULES = YES;
				CLANG_ENABLE_OBJC_ARC = YES;
				CLANG_WARN_BOOL_CONVERSION = YES;
				CLANG_WARN_CONSTANT_CONVERSION = YES;
				CLANG_WARN_DIRECT_OBJC_ISA_USAGE = YES_ERROR;
				CLANG_WARN_EMPTY_BODY = YES;
				CLANG_WARN_ENUM_CONVERSION = YES;
				CLANG_WARN_INT_CONVERSION = YES;
				CLANG_WARN_OBJC_ROOT_CLASS = YES_ERROR;
				CLANG_WARN_UNREACHABLE_CODE = YES;
				CLANG_WARN__DUPLICATE_METHOD_MATCH = YES;
				"CODE_SIGN_IDENTITY[sdk=iphoneos*]" = "iPhone Developer";
				COPY_PHASE_STRIP = NO;
				DEBUG_INFORMATION_FORMAT = "dwarf-with-dsym";
				ENABLE_NS_ASSERTIONS = NO;
				ENABLE_STRICT_OBJC_MSGSEND = YES;
				GCC_C_LANGUAGE_STANDARD = gnu99;
				GCC_NO_COMMON_BLOCKS = YES;
				GCC_WARN_64_TO_32_BIT_CONVERSION = YES;
				GCC_WARN_ABOUT_RETURN_TYPE = YES_ERROR;
				GCC_WARN_UNDECLARED_SELECTOR = YES;
				GCC_WARN_UNINITIALIZED_AUTOS = YES_AGGRESSIVE;
				GCC_WARN_UNUSED_FUNCTION = YES;
				GCC_WARN_UNUSED_VARIABLE = YES;
				IPHONEOS_DEPLOYMENT_TARGET = 8.3;
				MTL_ENABLE_DEBUG_INFO = NO;
				SDKROOT = iphoneos;
				VALIDATE_PRODUCT = YES;
			};
			name = Release;
		};
		87981E801B3F4A93001624D6 /* Debug */ = {
			isa = XCBuildConfiguration;
			buildSettings = {
				ASSETCATALOG_COMPILER_APPICON_NAME = AppIcon;
				INFOPLIST_FILE = "App States/Info.plist";
				IPHONEOS_DEPLOYMENT_TARGET = 8.0;
				LD_RUNPATH_SEARCH_PATHS = "$(inherited) @executable_path/Frameworks";
				PRODUCT_NAME = "$(TARGET_NAME)";
			};
			name = Debug;
		};
		87981E811B3F4A93001624D6 /* Release */ = {
			isa = XCBuildConfiguration;
			buildSettings = {
				ASSETCATALOG_COMPILER_APPICON_NAME = AppIcon;
				INFOPLIST_FILE = "App States/Info.plist";
				IPHONEOS_DEPLOYMENT_TARGET = 8.0;
				LD_RUNPATH_SEARCH_PATHS = "$(inherited) @executable_path/Frameworks";
				PRODUCT_NAME = "$(TARGET_NAME)";
			};
			name = Release;
		};
		87981E831B3F4A93001624D6 /* Debug */ = {
			isa = XCBuildConfiguration;
			buildSettings = {
				BUNDLE_LOADER = "$(TEST_HOST)";
				FRAMEWORK_SEARCH_PATHS = (
					"$(SDKROOT)/Developer/Library/Frameworks",
					"$(inherited)",
				);
				GCC_PREPROCESSOR_DEFINITIONS = (
					"DEBUG=1",
					"$(inherited)",
				);
				INFOPLIST_FILE = "App StatesTests/Info.plist";
				LD_RUNPATH_SEARCH_PATHS = "$(inherited) @executable_path/Frameworks @loader_path/Frameworks";
				PRODUCT_NAME = "$(TARGET_NAME)";
				TEST_HOST = "$(BUILT_PRODUCTS_DIR)/App States.app/App States";
			};
			name = Debug;
		};
		87981E841B3F4A93001624D6 /* Release */ = {
			isa = XCBuildConfiguration;
			buildSettings = {
				BUNDLE_LOADER = "$(TEST_HOST)";
				FRAMEWORK_SEARCH_PATHS = (
					"$(SDKROOT)/Developer/Library/Frameworks",
					"$(inherited)",
				);
				INFOPLIST_FILE = "App StatesTests/Info.plist";
				LD_RUNPATH_SEARCH_PATHS = "$(inherited) @executable_path/Frameworks @loader_path/Frameworks";
				PRODUCT_NAME = "$(TARGET_NAME)";
				TEST_HOST = "$(BUILT_PRODUCTS_DIR)/App States.app/App States";
			};
			name = Release;
		};
/* End XCBuildConfiguration section */

/* Begin XCConfigurationList section */
		87981E541B3F4A92001624D6 /* Build configuration list for PBXProject "App States" */ = {
			isa = XCConfigurationList;
			buildConfigurations = (
				87981E7D1B3F4A93001624D6 /* Debug */,
				87981E7E1B3F4A93001624D6 /* Release */,
			);
			defaultConfigurationIsVisible = 0;
			defaultConfigurationName = Release;
		};
		87981E7F1B3F4A93001624D6 /* Build configuration list for PBXNativeTarget "App States" */ = {
			isa = XCConfigurationList;
			buildConfigurations = (
				87981E801B3F4A93001624D6 /* Debug */,
				87981E811B3F4A93001624D6 /* Release */,
			);
			defaultConfigurationIsVisible = 0;
			defaultConfigurationName = Release;
		};
		87981E821B3F4A93001624D6 /* Build configuration list for PBXNativeTarget "App StatesTests" */ = {
			isa = XCConfigurationList;
			buildConfigurations = (
				87981E831B3F4A93001624D6 /* Debug */,
				87981E841B3F4A93001624D6 /* Release */,
			);
			defaultConfigurationIsVisible = 0;
			defaultConfigurationName = Release;
		};
/* End XCConfigurationList section */

/* Begin XCVersionGroup section */
		87981E631B3F4A92001624D6 /* App_States.xcdatamodeld */ = {
			isa = XCVersionGroup;
			children = (
				87981E641B3F4A92001624D6 /* App_States.xcdatamodel */,
			);
			currentVersion = 87981E641B3F4A92001624D6 /* App_States.xcdatamodel */;
			path = App_States.xcdatamodeld;
			sourceTree = "<group>";
			versionGroupType = wrapper.xcdatamodel;
		};
/* End XCVersionGroup section */
	};
	rootObject = 87981E511B3F4A92001624D6 /* Project object */;
}
